
Microsoft Visual Studio Solution File, Format Version 12.00
# Visual Studio Version 17
VisualStudioVersion = 17.10.34928.147
MinimumVisualStudioVersion = 10.0.40219.1
Project("{FAE04EC0-301F-11D3-BF4B-00C04F79EFBC}") = "BBQApp", "BBQApp\BBQApp.csproj", "{4666885A-5508-4104-88AA-E2F157A180FE}"
EndProject
Project("{FAE04EC0-301F-11D3-BF4B-00C04F79EFBC}") = "Services", "Services\Services.csproj", "{DDF468F7-9484-4F15-B444-09898C0B40B1}"
EndProject
Project("{FAE04EC0-301F-11D3-BF4B-00C04F79EFBC}") = "DataAccess", "DataAccess\DataAccess.csproj", "{1A917799-DF98-4F90-A9A4-522FF83D3201}"
EndProject
Project("{FAE04EC0-301F-11D3-BF4B-00C04F79EFBC}") = "DomainModels", "DomainModels\DomainModels.csproj", "{2B509375-ABFF-40D6-9E89-6E6CA3473320}"
EndProject
Project("{FAE04EC0-301F-11D3-BF4B-00C04F79EFBC}") = "ViewModels", "ViewModels\ViewModels.csproj", "{E14D2564-2FE5-42D4-BD0D-2AAEA090A190}"
EndProject
Global
	GlobalSection(SolutionConfigurationPlatforms) = preSolution
		Debug|Any CPU = Debug|Any CPU
		Release|Any CPU = Release|Any CPU
	EndGlobalSection
	GlobalSection(ProjectConfigurationPlatforms) = postSolution
		{4666885A-5508-4104-88AA-E2F157A180FE}.Debug|Any CPU.ActiveCfg = Debug|Any CPU
		{4666885A-5508-4104-88AA-E2F157A180FE}.Debug|Any CPU.Build.0 = Debug|Any CPU
		{4666885A-5508-4104-88AA-E2F157A180FE}.Release|Any CPU.ActiveCfg = Release|Any CPU
		{4666885A-5508-4104-88AA-E2F157A180FE}.Release|Any CPU.Build.0 = Release|Any CPU
		{DDF468F7-9484-4F15-B444-09898C0B40B1}.Debug|Any CPU.ActiveCfg = Debug|Any CPU
		{DDF468F7-9484-4F15-B444-09898C0B40B1}.Debug|Any CPU.Build.0 = Debug|Any CPU
		{DDF468F7-9484-4F15-B444-09898C0B40B1}.Release|Any CPU.ActiveCfg = Release|Any CPU
		{DDF468F7-9484-4F15-B444-09898C0B40B1}.Release|Any CPU.Build.0 = Release|Any CPU
		{1A917799-DF98-4F90-A9A4-522FF83D3201}.Debug|Any CPU.ActiveCfg = Debug|Any CPU
		{1A917799-DF98-4F90-A9A4-522FF83D3201}.Debug|Any CPU.Build.0 = Debug|Any CPU
		{1A917799-DF98-4F90-A9A4-522FF83D3201}.Release|Any CPU.ActiveCfg = Release|Any CPU
		{1A917799-DF98-4F90-A9A4-522FF83D3201}.Release|Any CPU.Build.0 = Release|Any CPU
		{2B509375-ABFF-40D6-9E89-6E6CA3473320}.Debug|Any CPU.ActiveCfg = Debug|Any CPU
		{2B509375-ABFF-40D6-9E89-6E6CA3473320}.Debug|Any CPU.Build.0 = Debug|Any CPU
		{2B509375-ABFF-40D6-9E89-6E6CA3473320}.Release|Any CPU.ActiveCfg = Release|Any CPU
		{2B509375-ABFF-40D6-9E89-6E6CA3473320}.Release|Any CPU.Build.0 = Release|Any CPU
		{E14D2564-2FE5-42D4-BD0D-2AAEA090A190}.Debug|Any CPU.ActiveCfg = Debug|Any CPU
		{E14D2564-2FE5-42D4-BD0D-2AAEA090A190}.Debug|Any CPU.Build.0 = Debug|Any CPU
		{E14D2564-2FE5-42D4-BD0D-2AAEA090A190}.Release|Any CPU.ActiveCfg = Release|Any CPU
		{E14D2564-2FE5-42D4-BD0D-2AAEA090A190}.Release|Any CPU.Build.0 = Release|Any CPU
	EndGlobalSection
	GlobalSection(SolutionProperties) = preSolution
		HideSolutionNode = FALSE
	EndGlobalSection
	GlobalSection(ExtensibilityGlobals) = postSolution
		SolutionGuid = {8D5198AB-0F3C-4029-B31E-36324B032A3C}
	EndGlobalSection
EndGlobal
