
Microsoft Visual Studio Solution File, Format Version 12.00
# Visual Studio Version 17
VisualStudioVersion = 17.9.34723.18
MinimumVisualStudioVersion = 10.0.40219.1
Project("{FAE04EC0-301F-11D3-BF4B-00C04F79EFBC}") = "Task1", "Task1\Task1.csproj", "{0A864D2E-A51C-4B00-AB46-76B04AF5819F}"
EndProject
Project("{FAE04EC0-301F-11D3-BF4B-00C04F79EFBC}") = "Task2", "Task2\Task2.csproj", "{7FE64277-000E-44AC-AE62-1640B5CE4E04}"
EndProject
Global
	GlobalSection(SolutionConfigurationPlatforms) = preSolution
		Debug|Any CPU = Debug|Any CPU
		Release|Any CPU = Release|Any CPU
	EndGlobalSection
	GlobalSection(ProjectConfigurationPlatforms) = postSolution
		{0A864D2E-A51C-4B00-AB46-76B04AF5819F}.Debug|Any CPU.ActiveCfg = Debug|Any CPU
		{0A864D2E-A51C-4B00-AB46-76B04AF5819F}.Debug|Any CPU.Build.0 = Debug|Any CPU
		{0A864D2E-A51C-4B00-AB46-76B04AF5819F}.Release|Any CPU.ActiveCfg = Release|Any CPU
		{0A864D2E-A51C-4B00-AB46-76B04AF5819F}.Release|Any CPU.Build.0 = Release|Any CPU
		{7FE64277-000E-44AC-AE62-1640B5CE4E04}.Debug|Any CPU.ActiveCfg = Debug|Any CPU
		{7FE64277-000E-44AC-AE62-1640B5CE4E04}.Debug|Any CPU.Build.0 = Debug|Any CPU
		{7FE64277-000E-44AC-AE62-1640B5CE4E04}.Release|Any CPU.ActiveCfg = Release|Any CPU
		{7FE64277-000E-44AC-AE62-1640B5CE4E04}.Release|Any CPU.Build.0 = Release|Any CPU
	EndGlobalSection
	GlobalSection(SolutionProperties) = preSolution
		HideSolutionNode = FALSE
	EndGlobalSection
	GlobalSection(ExtensibilityGlobals) = postSolution
		SolutionGuid = {105B77DF-1F15-42A5-8E8B-10A6226D37C4}
	EndGlobalSection
EndGlobal
