
Microsoft Visual Studio Solution File, Format Version 12.00
# Visual Studio Version 17
VisualStudioVersion = 17.9.34616.47
MinimumVisualStudioVersion = 10.0.40219.1
Project("{FAE04EC0-301F-11D3-BF4B-00C04F79EFBC}") = "Test", "Test\Test.csproj", "{8B19690B-9446-446C-8830-DA38EDA2C7E5}"
EndProject
Project("{FAE04EC0-301F-11D3-BF4B-00C04F79EFBC}") = "test2", "test2\test2.csproj", "{05887C18-EAAE-4743-9AC0-FCC3631B9D1D}"
EndProject
Project("{FAE04EC0-301F-11D3-BF4B-00C04F79EFBC}") = "test3", "test3\test3.csproj", "{D3821311-2412-4F1F-AB84-4264390557D0}"
EndProject
Global
	GlobalSection(SolutionConfigurationPlatforms) = preSolution
		Debug|Any CPU = Debug|Any CPU
		Release|Any CPU = Release|Any CPU
	EndGlobalSection
	GlobalSection(ProjectConfigurationPlatforms) = postSolution
		{8B19690B-9446-446C-8830-DA38EDA2C7E5}.Debug|Any CPU.ActiveCfg = Debug|Any CPU
		{8B19690B-9446-446C-8830-DA38EDA2C7E5}.Debug|Any CPU.Build.0 = Debug|Any CPU
		{8B19690B-9446-446C-8830-DA38EDA2C7E5}.Release|Any CPU.ActiveCfg = Release|Any CPU
		{8B19690B-9446-446C-8830-DA38EDA2C7E5}.Release|Any CPU.Build.0 = Release|Any CPU
		{05887C18-EAAE-4743-9AC0-FCC3631B9D1D}.Debug|Any CPU.ActiveCfg = Debug|Any CPU
		{05887C18-EAAE-4743-9AC0-FCC3631B9D1D}.Debug|Any CPU.Build.0 = Debug|Any CPU
		{05887C18-EAAE-4743-9AC0-FCC3631B9D1D}.Release|Any CPU.ActiveCfg = Release|Any CPU
		{05887C18-EAAE-4743-9AC0-FCC3631B9D1D}.Release|Any CPU.Build.0 = Release|Any CPU
		{D3821311-2412-4F1F-AB84-4264390557D0}.Debug|Any CPU.ActiveCfg = Debug|Any CPU
		{D3821311-2412-4F1F-AB84-4264390557D0}.Debug|Any CPU.Build.0 = Debug|Any CPU
		{D3821311-2412-4F1F-AB84-4264390557D0}.Release|Any CPU.ActiveCfg = Release|Any CPU
		{D3821311-2412-4F1F-AB84-4264390557D0}.Release|Any CPU.Build.0 = Release|Any CPU
	EndGlobalSection
	GlobalSection(SolutionProperties) = preSolution
		HideSolutionNode = FALSE
	EndGlobalSection
	GlobalSection(ExtensibilityGlobals) = postSolution
		SolutionGuid = {E8092FCF-F80B-4C7C-90CF-6D890EF6CC98}
	EndGlobalSection
EndGlobal
