
Microsoft Visual Studio Solution File, Format Version 12.00
# Visual Studio Version 17
VisualStudioVersion = 17.9.34723.18
MinimumVisualStudioVersion = 10.0.40219.1
Project("{9A19103F-16F7-4668-BE54-9A1E7A4F7556}") = "Demo1Delegate", "Demo1Delegate\Demo1Delegate.csproj", "{F5B61AAD-0D27-4701-8878-7310F08753CC}"
EndProject
Project("{FAE04EC0-301F-11D3-BF4B-00C04F79EFBC}") = "Market", "Market\Market.csproj", "{0498F0C7-0458-4304-BDD5-C539467CE559}"
EndProject
Project("{FAE04EC0-301F-11D3-BF4B-00C04F79EFBC}") = "WinFormsApp1", "WinFormsApp1\WinFormsApp1.csproj", "{8F07FD8C-6BD2-49B7-B740-026B1D27882D}"
EndProject
Global
	GlobalSection(SolutionConfigurationPlatforms) = preSolution
		Debug|Any CPU = Debug|Any CPU
		Release|Any CPU = Release|Any CPU
	EndGlobalSection
	GlobalSection(ProjectConfigurationPlatforms) = postSolution
		{F5B61AAD-0D27-4701-8878-7310F08753CC}.Debug|Any CPU.ActiveCfg = Debug|Any CPU
		{F5B61AAD-0D27-4701-8878-7310F08753CC}.Debug|Any CPU.Build.0 = Debug|Any CPU
		{F5B61AAD-0D27-4701-8878-7310F08753CC}.Release|Any CPU.ActiveCfg = Release|Any CPU
		{F5B61AAD-0D27-4701-8878-7310F08753CC}.Release|Any CPU.Build.0 = Release|Any CPU
		{0498F0C7-0458-4304-BDD5-C539467CE559}.Debug|Any CPU.ActiveCfg = Debug|Any CPU
		{0498F0C7-0458-4304-BDD5-C539467CE559}.Debug|Any CPU.Build.0 = Debug|Any CPU
		{0498F0C7-0458-4304-BDD5-C539467CE559}.Release|Any CPU.ActiveCfg = Release|Any CPU
		{0498F0C7-0458-4304-BDD5-C539467CE559}.Release|Any CPU.Build.0 = Release|Any CPU
		{8F07FD8C-6BD2-49B7-B740-026B1D27882D}.Debug|Any CPU.ActiveCfg = Debug|Any CPU
		{8F07FD8C-6BD2-49B7-B740-026B1D27882D}.Debug|Any CPU.Build.0 = Debug|Any CPU
		{8F07FD8C-6BD2-49B7-B740-026B1D27882D}.Release|Any CPU.ActiveCfg = Release|Any CPU
		{8F07FD8C-6BD2-49B7-B740-026B1D27882D}.Release|Any CPU.Build.0 = Release|Any CPU
	EndGlobalSection
	GlobalSection(SolutionProperties) = preSolution
		HideSolutionNode = FALSE
	EndGlobalSection
	GlobalSection(ExtensibilityGlobals) = postSolution
		SolutionGuid = {8505CBED-0890-49D6-A743-6D40ABB82012}
	EndGlobalSection
EndGlobal
