
Microsoft Visual Studio Solution File, Format Version 12.00
# Visual Studio Version 17
VisualStudioVersion = 17.9.34616.47
MinimumVisualStudioVersion = 10.0.40219.1
Project("{FAE04EC0-301F-11D3-BF4B-00C04F79EFBC}") = "firstExample", "firstExample\firstExample.csproj", "{B1B1934C-CE59-4F2B-B1DF-28E3FC296CB0}"
EndProject
Global
	GlobalSection(SolutionConfigurationPlatforms) = preSolution
		Debug|Any CPU = Debug|Any CPU
		Release|Any CPU = Release|Any CPU
	EndGlobalSection
	GlobalSection(ProjectConfigurationPlatforms) = postSolution
		{B1B1934C-CE59-4F2B-B1DF-28E3FC296CB0}.Debug|Any CPU.ActiveCfg = Debug|Any CPU
		{B1B1934C-CE59-4F2B-B1DF-28E3FC296CB0}.Debug|Any CPU.Build.0 = Debug|Any CPU
		{B1B1934C-CE59-4F2B-B1DF-28E3FC296CB0}.Release|Any CPU.ActiveCfg = Release|Any CPU
		{B1B1934C-CE59-4F2B-B1DF-28E3FC296CB0}.Release|Any CPU.Build.0 = Release|Any CPU
	EndGlobalSection
	GlobalSection(SolutionProperties) = preSolution
		HideSolutionNode = FALSE
	EndGlobalSection
	GlobalSection(ExtensibilityGlobals) = postSolution
		SolutionGuid = {5403F870-22FD-48A2-9CFB-D01D65C01BD0}
	EndGlobalSection
EndGlobal
