
Microsoft Visual Studio Solution File, Format Version 12.00
# Visual Studio Version 17
VisualStudioVersion = 17.10.34928.147
MinimumVisualStudioVersion = 10.0.40219.1
Project("{FAE04EC0-301F-11D3-BF4B-00C04F79EFBC}") = "DemoApp", "DemoApp\DemoApp.csproj", "{58182462-6BFE-4DD1-8AE0-C0B79569DB8F}"
EndProject
Project("{FAE04EC0-301F-11D3-BF4B-00C04F79EFBC}") = "ViewModels", "ViewModels\ViewModels.csproj", "{9DC78B67-CF85-4BC7-A666-2DACB594D39C}"
EndProject
Global
	GlobalSection(SolutionConfigurationPlatforms) = preSolution
		Debug|Any CPU = Debug|Any CPU
		Release|Any CPU = Release|Any CPU
	EndGlobalSection
	GlobalSection(ProjectConfigurationPlatforms) = postSolution
		{58182462-6BFE-4DD1-8AE0-C0B79569DB8F}.Debug|Any CPU.ActiveCfg = Debug|Any CPU
		{58182462-6BFE-4DD1-8AE0-C0B79569DB8F}.Debug|Any CPU.Build.0 = Debug|Any CPU
		{58182462-6BFE-4DD1-8AE0-C0B79569DB8F}.Release|Any CPU.ActiveCfg = Release|Any CPU
		{58182462-6BFE-4DD1-8AE0-C0B79569DB8F}.Release|Any CPU.Build.0 = Release|Any CPU
		{9DC78B67-CF85-4BC7-A666-2DACB594D39C}.Debug|Any CPU.ActiveCfg = Debug|Any CPU
		{9DC78B67-CF85-4BC7-A666-2DACB594D39C}.Debug|Any CPU.Build.0 = Debug|Any CPU
		{9DC78B67-CF85-4BC7-A666-2DACB594D39C}.Release|Any CPU.ActiveCfg = Release|Any CPU
		{9DC78B67-CF85-4BC7-A666-2DACB594D39C}.Release|Any CPU.Build.0 = Release|Any CPU
	EndGlobalSection
	GlobalSection(SolutionProperties) = preSolution
		HideSolutionNode = FALSE
	EndGlobalSection
	GlobalSection(ExtensibilityGlobals) = postSolution
		SolutionGuid = {33276AAF-BDA7-4453-9796-60E446CDF343}
	EndGlobalSection
EndGlobal
