
Microsoft Visual Studio Solution File, Format Version 12.00
# Visual Studio Version 17
VisualStudioVersion = 17.10.34928.147
MinimumVisualStudioVersion = 10.0.40219.1
Project("{FAE04EC0-301F-11D3-BF4B-00C04F79EFBC}") = "NotesAppAPI", "NotesAppAPI\NotesAppAPI.csproj", "{445CF2E7-C435-4557-9B19-C460778E9EDF}"
EndProject
Global
	GlobalSection(SolutionConfigurationPlatforms) = preSolution
		Debug|Any CPU = Debug|Any CPU
		Release|Any CPU = Release|Any CPU
	EndGlobalSection
	GlobalSection(ProjectConfigurationPlatforms) = postSolution
		{445CF2E7-C435-4557-9B19-C460778E9EDF}.Debug|Any CPU.ActiveCfg = Debug|Any CPU
		{445CF2E7-C435-4557-9B19-C460778E9EDF}.Debug|Any CPU.Build.0 = Debug|Any CPU
		{445CF2E7-C435-4557-9B19-C460778E9EDF}.Release|Any CPU.ActiveCfg = Release|Any CPU
		{445CF2E7-C435-4557-9B19-C460778E9EDF}.Release|Any CPU.Build.0 = Release|Any CPU
	EndGlobalSection
	GlobalSection(SolutionProperties) = preSolution
		HideSolutionNode = FALSE
	EndGlobalSection
	GlobalSection(ExtensibilityGlobals) = postSolution
		SolutionGuid = {4576DD92-F8A4-408E-866C-290AEE78CF5A}
	EndGlobalSection
EndGlobal
