
Microsoft Visual Studio Solution File, Format Version 12.00
# Visual Studio Version 17
VisualStudioVersion = 17.9.34723.18
MinimumVisualStudioVersion = 10.0.40219.1
Project("{9A19103F-16F7-4668-BE54-9A1E7A4F7556}") = "FitApp", "FitApp\FitApp.csproj", "{37BB5DDF-45AC-40EA-8EEE-568372EBD942}"
EndProject
Project("{9A19103F-16F7-4668-BE54-9A1E7A4F7556}") = "Models", "Models\Models.csproj", "{51C45E4D-A91B-4946-B98C-4242C44F4A99}"
EndProject
Project("{FAE04EC0-301F-11D3-BF4B-00C04F79EFBC}") = "Services", "Services\Services.csproj", "{2D8F6AC9-67A7-4E59-846D-53B20A247A91}"
EndProject
Project("{FAE04EC0-301F-11D3-BF4B-00C04F79EFBC}") = "Storage", "Storage\Storage.csproj", "{C8C9D3DB-78D0-49F9-938E-081C2AA13938}"
EndProject
Global
	GlobalSection(SolutionConfigurationPlatforms) = preSolution
		Debug|Any CPU = Debug|Any CPU
		Release|Any CPU = Release|Any CPU
	EndGlobalSection
	GlobalSection(ProjectConfigurationPlatforms) = postSolution
		{37BB5DDF-45AC-40EA-8EEE-568372EBD942}.Debug|Any CPU.ActiveCfg = Debug|Any CPU
		{37BB5DDF-45AC-40EA-8EEE-568372EBD942}.Debug|Any CPU.Build.0 = Debug|Any CPU
		{37BB5DDF-45AC-40EA-8EEE-568372EBD942}.Release|Any CPU.ActiveCfg = Release|Any CPU
		{37BB5DDF-45AC-40EA-8EEE-568372EBD942}.Release|Any CPU.Build.0 = Release|Any CPU
		{51C45E4D-A91B-4946-B98C-4242C44F4A99}.Debug|Any CPU.ActiveCfg = Debug|Any CPU
		{51C45E4D-A91B-4946-B98C-4242C44F4A99}.Debug|Any CPU.Build.0 = Debug|Any CPU
		{51C45E4D-A91B-4946-B98C-4242C44F4A99}.Release|Any CPU.ActiveCfg = Release|Any CPU
		{51C45E4D-A91B-4946-B98C-4242C44F4A99}.Release|Any CPU.Build.0 = Release|Any CPU
		{2D8F6AC9-67A7-4E59-846D-53B20A247A91}.Debug|Any CPU.ActiveCfg = Debug|Any CPU
		{2D8F6AC9-67A7-4E59-846D-53B20A247A91}.Debug|Any CPU.Build.0 = Debug|Any CPU
		{2D8F6AC9-67A7-4E59-846D-53B20A247A91}.Release|Any CPU.ActiveCfg = Release|Any CPU
		{2D8F6AC9-67A7-4E59-846D-53B20A247A91}.Release|Any CPU.Build.0 = Release|Any CPU
		{C8C9D3DB-78D0-49F9-938E-081C2AA13938}.Debug|Any CPU.ActiveCfg = Debug|Any CPU
		{C8C9D3DB-78D0-49F9-938E-081C2AA13938}.Debug|Any CPU.Build.0 = Debug|Any CPU
		{C8C9D3DB-78D0-49F9-938E-081C2AA13938}.Release|Any CPU.ActiveCfg = Release|Any CPU
		{C8C9D3DB-78D0-49F9-938E-081C2AA13938}.Release|Any CPU.Build.0 = Release|Any CPU
	EndGlobalSection
	GlobalSection(SolutionProperties) = preSolution
		HideSolutionNode = FALSE
	EndGlobalSection
	GlobalSection(ExtensibilityGlobals) = postSolution
		SolutionGuid = {D97C947D-58CA-4415-9C20-68E583BFE2D6}
	EndGlobalSection
EndGlobal
