
Microsoft Visual Studio Solution File, Format Version 12.00
# Visual Studio Version 17
VisualStudioVersion = 17.9.34616.47
MinimumVisualStudioVersion = 10.0.40219.1
Project("{FAE04EC0-301F-11D3-BF4B-00C04F79EFBC}") = "Demo2", "Demo2\Demo2.csproj", "{58310E5A-BC6A-4A1E-9D3F-39775D5D082E}"
EndProject
Global
	GlobalSection(SolutionConfigurationPlatforms) = preSolution
		Debug|Any CPU = Debug|Any CPU
		Release|Any CPU = Release|Any CPU
	EndGlobalSection
	GlobalSection(ProjectConfigurationPlatforms) = postSolution
		{58310E5A-BC6A-4A1E-9D3F-39775D5D082E}.Debug|Any CPU.ActiveCfg = Debug|Any CPU
		{58310E5A-BC6A-4A1E-9D3F-39775D5D082E}.Debug|Any CPU.Build.0 = Debug|Any CPU
		{58310E5A-BC6A-4A1E-9D3F-39775D5D082E}.Release|Any CPU.ActiveCfg = Release|Any CPU
		{58310E5A-BC6A-4A1E-9D3F-39775D5D082E}.Release|Any CPU.Build.0 = Release|Any CPU
	EndGlobalSection
	GlobalSection(SolutionProperties) = preSolution
		HideSolutionNode = FALSE
	EndGlobalSection
	GlobalSection(ExtensibilityGlobals) = postSolution
		SolutionGuid = {BB130CEC-6E30-47FF-8522-5032AC77A39E}
	EndGlobalSection
EndGlobal
