
Microsoft Visual Studio Solution File, Format Version 12.00
# Visual Studio Version 17
VisualStudioVersion = 17.9.34622.214
MinimumVisualStudioVersion = 10.0.40219.1
Project("{FAE04EC0-301F-11D3-BF4B-00C04F79EFBC}") = "ClassLibrary1", "ClassLibrary1.csproj", "{908B1388-651D-4C6F-BFE9-64853ADF91CF}"
EndProject
Global
	GlobalSection(SolutionConfigurationPlatforms) = preSolution
		Debug|Any CPU = Debug|Any CPU
		Release|Any CPU = Release|Any CPU
	EndGlobalSection
	GlobalSection(ProjectConfigurationPlatforms) = postSolution
		{908B1388-651D-4C6F-BFE9-64853ADF91CF}.Debug|Any CPU.ActiveCfg = Debug|Any CPU
		{908B1388-651D-4C6F-BFE9-64853ADF91CF}.Debug|Any CPU.Build.0 = Debug|Any CPU
		{908B1388-651D-4C6F-BFE9-64853ADF91CF}.Release|Any CPU.ActiveCfg = Release|Any CPU
		{908B1388-651D-4C6F-BFE9-64853ADF91CF}.Release|Any CPU.Build.0 = Release|Any CPU
	EndGlobalSection
	GlobalSection(SolutionProperties) = preSolution
		HideSolutionNode = FALSE
	EndGlobalSection
	GlobalSection(ExtensibilityGlobals) = postSolution
		SolutionGuid = {9788815B-5C97-4A16-8CF6-3C13D20535F8}
	EndGlobalSection
EndGlobal
