
Microsoft Visual Studio Solution File, Format Version 12.00
# Visual Studio Version 17
VisualStudioVersion = 17.9.34616.47
MinimumVisualStudioVersion = 10.0.40219.1
Project("{FAE04EC0-301F-11D3-BF4B-00C04F79EFBC}") = "5thHomework", "5thHomework\5thHomework.csproj", "{BB082EB9-7278-43CC-8E72-5E76CE49603A}"
EndProject
Project("{FAE04EC0-301F-11D3-BF4B-00C04F79EFBC}") = "SubstringsApp", "SubstringsApp\SubstringsApp.csproj", "{E9895BF4-2075-4FC6-8730-9C50B310E3FF}"
EndProject
Global
	GlobalSection(SolutionConfigurationPlatforms) = preSolution
		Debug|Any CPU = Debug|Any CPU
		Release|Any CPU = Release|Any CPU
	EndGlobalSection
	GlobalSection(ProjectConfigurationPlatforms) = postSolution
		{BB082EB9-7278-43CC-8E72-5E76CE49603A}.Debug|Any CPU.ActiveCfg = Debug|Any CPU
		{BB082EB9-7278-43CC-8E72-5E76CE49603A}.Debug|Any CPU.Build.0 = Debug|Any CPU
		{BB082EB9-7278-43CC-8E72-5E76CE49603A}.Release|Any CPU.ActiveCfg = Release|Any CPU
		{BB082EB9-7278-43CC-8E72-5E76CE49603A}.Release|Any CPU.Build.0 = Release|Any CPU
		{E9895BF4-2075-4FC6-8730-9C50B310E3FF}.Debug|Any CPU.ActiveCfg = Debug|Any CPU
		{E9895BF4-2075-4FC6-8730-9C50B310E3FF}.Debug|Any CPU.Build.0 = Debug|Any CPU
		{E9895BF4-2075-4FC6-8730-9C50B310E3FF}.Release|Any CPU.ActiveCfg = Release|Any CPU
		{E9895BF4-2075-4FC6-8730-9C50B310E3FF}.Release|Any CPU.Build.0 = Release|Any CPU
	EndGlobalSection
	GlobalSection(SolutionProperties) = preSolution
		HideSolutionNode = FALSE
	EndGlobalSection
	GlobalSection(ExtensibilityGlobals) = postSolution
		SolutionGuid = {95BE300B-88F3-4976-8545-C6BACFB5F989}
	EndGlobalSection
EndGlobal
