
Microsoft Visual Studio Solution File, Format Version 12.00
# Visual Studio Version 17
VisualStudioVersion = 17.6.33815.320
MinimumVisualStudioVersion = 10.0.40219.1
Project("{FAE04EC0-301F-11D3-BF4B-00C04F79EFBC}") = "Excercise", "Excercise\Excercise.csproj", "{97196499-A4DD-404A-A6C0-4DA181643702}"
EndProject
Project("{FAE04EC0-301F-11D3-BF4B-00C04F79EFBC}") = "excercise2", "excercise2\excercise2.csproj", "{F7A3B565-5DF8-4DBE-8C1E-0FDE23763709}"
EndProject
Global
	GlobalSection(SolutionConfigurationPlatforms) = preSolution
		Debug|Any CPU = Debug|Any CPU
		Release|Any CPU = Release|Any CPU
	EndGlobalSection
	GlobalSection(ProjectConfigurationPlatforms) = postSolution
		{97196499-A4DD-404A-A6C0-4DA181643702}.Debug|Any CPU.ActiveCfg = Debug|Any CPU
		{97196499-A4DD-404A-A6C0-4DA181643702}.Debug|Any CPU.Build.0 = Debug|Any CPU
		{97196499-A4DD-404A-A6C0-4DA181643702}.Release|Any CPU.ActiveCfg = Release|Any CPU
		{97196499-A4DD-404A-A6C0-4DA181643702}.Release|Any CPU.Build.0 = Release|Any CPU
		{F7A3B565-5DF8-4DBE-8C1E-0FDE23763709}.Debug|Any CPU.ActiveCfg = Debug|Any CPU
		{F7A3B565-5DF8-4DBE-8C1E-0FDE23763709}.Debug|Any CPU.Build.0 = Debug|Any CPU
		{F7A3B565-5DF8-4DBE-8C1E-0FDE23763709}.Release|Any CPU.ActiveCfg = Release|Any CPU
		{F7A3B565-5DF8-4DBE-8C1E-0FDE23763709}.Release|Any CPU.Build.0 = Release|Any CPU
	EndGlobalSection
	GlobalSection(SolutionProperties) = preSolution
		HideSolutionNode = FALSE
	EndGlobalSection
	GlobalSection(ExtensibilityGlobals) = postSolution
		SolutionGuid = {74F49A14-50CC-465B-836C-E7AB6D67C69B}
	EndGlobalSection
EndGlobal
