
Microsoft Visual Studio Solution File, Format Version 12.00
# Visual Studio Version 17
VisualStudioVersion = 17.9.34616.47
MinimumVisualStudioVersion = 10.0.40219.1
Project("{FAE04EC0-301F-11D3-BF4B-00C04F79EFBC}") = "exercise4", "exercise4\exercise4.csproj", "{13CD5E19-5C4B-4C76-8EB0-0EC1E030BEFD}"
EndProject
Global
	GlobalSection(SolutionConfigurationPlatforms) = preSolution
		Debug|Any CPU = Debug|Any CPU
		Release|Any CPU = Release|Any CPU
	EndGlobalSection
	GlobalSection(ProjectConfigurationPlatforms) = postSolution
		{13CD5E19-5C4B-4C76-8EB0-0EC1E030BEFD}.Debug|Any CPU.ActiveCfg = Debug|Any CPU
		{13CD5E19-5C4B-4C76-8EB0-0EC1E030BEFD}.Debug|Any CPU.Build.0 = Debug|Any CPU
		{13CD5E19-5C4B-4C76-8EB0-0EC1E030BEFD}.Release|Any CPU.ActiveCfg = Release|Any CPU
		{13CD5E19-5C4B-4C76-8EB0-0EC1E030BEFD}.Release|Any CPU.Build.0 = Release|Any CPU
	EndGlobalSection
	GlobalSection(SolutionProperties) = preSolution
		HideSolutionNode = FALSE
	EndGlobalSection
	GlobalSection(ExtensibilityGlobals) = postSolution
		SolutionGuid = {68FE88A7-2EBC-4384-BB6A-940BE874DE4A}
	EndGlobalSection
EndGlobal
